
Microsoft Visual Studio Solution File, Format Version 12.00
# Visual Studio Version 17
VisualStudioVersion = 17.13.35828.75
MinimumVisualStudioVersion = 10.0.40219.1
Project("{FAE04EC0-301F-11D3-BF4B-00C04F79EFBC}") = "cs_clientVer2", "cs_client2\cs_clientVer2.csproj", "{CE7E1883-A241-4673-BB40-C3D06A7D0BBA}"
EndProject
Global
	GlobalSection(SolutionConfigurationPlatforms) = preSolution
		Debug|Any CPU = Debug|Any CPU
		Release|Any CPU = Release|Any CPU
	EndGlobalSection
	GlobalSection(ProjectConfigurationPlatforms) = postSolution
		{CE7E1883-A241-4673-BB40-C3D06A7D0BBA}.Debug|Any CPU.ActiveCfg = Debug|Any CPU
		{CE7E1883-A241-4673-BB40-C3D06A7D0BBA}.Debug|Any CPU.Build.0 = Debug|Any CPU
		{CE7E1883-A241-4673-BB40-C3D06A7D0BBA}.Release|Any CPU.ActiveCfg = Release|Any CPU
		{CE7E1883-A241-4673-BB40-C3D06A7D0BBA}.Release|Any CPU.Build.0 = Release|Any CPU
	EndGlobalSection
	GlobalSection(SolutionProperties) = preSolution
		HideSolutionNode = FALSE
	EndGlobalSection
	GlobalSection(ExtensibilityGlobals) = postSolution
		SolutionGuid = {23D407A2-5A63-4E75-8F6A-5CF168A9F7A6}
	EndGlobalSection
EndGlobal
